
Microsoft Visual Studio Solution File, Format Version 12.00
# Visual Studio Version 16
VisualStudioVersion = 16.0.29306.81
MinimumVisualStudioVersion = 10.0.40219.1
Project("{FAE04EC0-301F-11D3-BF4B-00C04F79EFBC}") = "SQLGenerator", "SQLGenerator.csproj", "{DC6A91DF-3A46-4398-B47B-1D1B2743DCCC}"
EndProject
Global
	GlobalSection(SolutionConfigurationPlatforms) = preSolution
		Debug|Any CPU = Debug|Any CPU
		Release|Any CPU = Release|Any CPU
	EndGlobalSection
	GlobalSection(ProjectConfigurationPlatforms) = postSolution
		{DC6A91DF-3A46-4398-B47B-1D1B2743DCCC}.Debug|Any CPU.ActiveCfg = Debug|Any CPU
		{DC6A91DF-3A46-4398-B47B-1D1B2743DCCC}.Debug|Any CPU.Build.0 = Debug|Any CPU
		{DC6A91DF-3A46-4398-B47B-1D1B2743DCCC}.Release|Any CPU.ActiveCfg = Release|Any CPU
		{DC6A91DF-3A46-4398-B47B-1D1B2743DCCC}.Release|Any CPU.Build.0 = Release|Any CPU
	EndGlobalSection
	GlobalSection(SolutionProperties) = preSolution
		HideSolutionNode = FALSE
	EndGlobalSection
	GlobalSection(ExtensibilityGlobals) = postSolution
		SolutionGuid = {F9AFAEDD-3838-4D01-985B-649680AE1B4C}
	EndGlobalSection
EndGlobal
